
Microsoft Visual Studio Solution File, Format Version 12.00
# Visual Studio Version 16
VisualStudioVersion = 16.0.31313.79
MinimumVisualStudioVersion = 10.0.40219.1
Project("{FAE04EC0-301F-11D3-BF4B-00C04F79EFBC}") = "BeautyStoreArisbeth", "BeautyStoreArisbeth\BeautyStoreArisbeth.csproj", "{AD231B57-3F6E-4CD2-B8A7-8B87E74453B5}"
EndProject
Global
	GlobalSection(SolutionConfigurationPlatforms) = preSolution
		Debug|Any CPU = Debug|Any CPU
		Release|Any CPU = Release|Any CPU
	EndGlobalSection
	GlobalSection(ProjectConfigurationPlatforms) = postSolution
		{AD231B57-3F6E-4CD2-B8A7-8B87E74453B5}.Debug|Any CPU.ActiveCfg = Debug|Any CPU
		{AD231B57-3F6E-4CD2-B8A7-8B87E74453B5}.Debug|Any CPU.Build.0 = Debug|Any CPU
		{AD231B57-3F6E-4CD2-B8A7-8B87E74453B5}.Release|Any CPU.ActiveCfg = Release|Any CPU
		{AD231B57-3F6E-4CD2-B8A7-8B87E74453B5}.Release|Any CPU.Build.0 = Release|Any CPU
	EndGlobalSection
	GlobalSection(SolutionProperties) = preSolution
		HideSolutionNode = FALSE
	EndGlobalSection
	GlobalSection(ExtensibilityGlobals) = postSolution
		SolutionGuid = {1334FCA4-8A6D-4853-9371-58F92A9D26C1}
	EndGlobalSection
EndGlobal
